{
  "requires": true,
  "lockfileVersion": 1,
  "dependencies": {
    "@dcloudio/uni-cli-i18n": {
      "version": "2.0.1-34720220422002",
      "resolved": "https://registry.npmmirror.com/@dcloudio/uni-cli-i18n/-/uni-cli-i18n-2.0.1-34720220422002.tgz",
      "integrity": "sha512-wlr7xvxX0YdLdtNM0La6eovRZQbrdYKq1iB7v+F7vmsYp01x7nKXptgRL2QMUAOtJHeXwNTqhr72nhuIH5nZWQ==",
      "dev": true,
      "requires": {
        "i18n": "^0.13.3",
        "os-locale-s-fix": "^1.0.8-fix-1"
      }
    },
    "@dcloudio/uni-i18n": {
      "version": "2.0.1-34720220422002",
      "resolved": "https://registry.npmmirror.com/@dcloudio/uni-i18n/-/uni-i18n-2.0.1-34720220422002.tgz",
      "integrity": "sha512-MR8nxv6crH2TdQe/LEKhS8E4k9Q51fsMc5NManszBzau9EKwVBvpx75MFtoQI2Z3X0ir7qPq4sTgDb2k0f3fkg==",
      "dev": true
    },
    "debug": {
      "version": "4.3.4",
      "resolved": "https://registry.npmmirror.com/debug/-/debug-4.3.4.tgz",
      "integrity": "sha512-PRWFHuSU3eDtQJPvnNY7Jcket1j0t5OuOsFzPPzsekD52Zl8qUfFIPEiswXqIvHWGVHOgX+7G/vCNNhehwxfkQ==",
      "dev": true,
      "requires": {
        "ms": "2.1.2"
      }
    },
    "i18n": {
      "version": "0.13.4",
      "resolved": "https://registry.npmmirror.com/i18n/-/i18n-0.13.4.tgz",
      "integrity": "sha512-GZnXWeA15jTi9gc1jfgrJcSrNYDg7qbJXSYMuibqPYb1ThORmGCeM+gL6LrDagYRHh87/q/D0jRSOhAfv6wAow==",
      "dev": true,
      "requires": {
        "debug": "^4.3.3",
        "make-plural": "^7.0.0",
        "math-interval-parser": "^2.0.1",
        "messageformat": "^2.3.0",
        "mustache": "^4.2.0",
        "sprintf-js": "^1.1.2"
      }
    },
    "invert-kv": {
      "version": "3.0.1",
      "resolved": "https://registry.npmmirror.com/invert-kv/-/invert-kv-3.0.1.tgz",
      "integrity": "sha512-CYdFeFexxhv/Bcny+Q0BfOV+ltRlJcd4BBZBYFX/O0u4npJrgZtIcjokegtiSMAvlMTJ+Koq0GBCc//3bueQxw==",
      "dev": true
    },
    "lcid": {
      "version": "3.1.1",
      "resolved": "https://registry.npmmirror.com/lcid/-/lcid-3.1.1.tgz",
      "integrity": "sha512-M6T051+5QCGLBQb8id3hdvIW8+zeFV2FyBGFS9IEK5H9Wt4MueD4bW1eWikpHgZp+5xR3l5c8pZUkQsIA0BFZg==",
      "dev": true,
      "requires": {
        "invert-kv": "^3.0.0"
      }
    },
    "make-plural": {
      "version": "7.1.0",
      "resolved": "https://registry.npmmirror.com/make-plural/-/make-plural-7.1.0.tgz",
      "integrity": "sha512-PKkwVlAxYVo98NrbclaQIT4F5Oy+X58PZM5r2IwUSCe3syya6PXkIRCn2XCdz7p58Scgpp50PBeHmepXVDG3hg==",
      "dev": true
    },
    "math-interval-parser": {
      "version": "2.0.1",
      "resolved": "https://registry.npmmirror.com/math-interval-parser/-/math-interval-parser-2.0.1.tgz",
      "integrity": "sha512-VmlAmb0UJwlvMyx8iPhXUDnVW1F9IrGEd9CIOmv+XL8AErCUUuozoDMrgImvnYt2A+53qVX/tPW6YJurMKYsvA==",
      "dev": true
    },
    "messageformat": {
      "version": "2.3.0",
      "resolved": "https://registry.npmmirror.com/messageformat/-/messageformat-2.3.0.tgz",
      "integrity": "sha512-uTzvsv0lTeQxYI2y1NPa1lItL5VRI8Gb93Y2K2ue5gBPyrbJxfDi/EYWxh2PKv5yO42AJeeqblS9MJSh/IEk4w==",
      "dev": true,
      "requires": {
        "make-plural": "^4.3.0",
        "messageformat-formatters": "^2.0.1",
        "messageformat-parser": "^4.1.2"
      },
      "dependencies": {
        "make-plural": {
          "version": "4.3.0",
          "resolved": "https://registry.npmmirror.com/make-plural/-/make-plural-4.3.0.tgz",
          "integrity": "sha512-xTYd4JVHpSCW+aqDof6w/MebaMVNTVYBZhbB/vi513xXdiPT92JMVCo0Jq8W2UZnzYRFeVbQiQ+I25l13JuKvA==",
          "dev": true,
          "requires": {
            "minimist": "^1.2.0"
          }
        }
      }
    },
    "messageformat-formatters": {
      "version": "2.0.1",
      "resolved": "https://registry.npmmirror.com/messageformat-formatters/-/messageformat-formatters-2.0.1.tgz",
      "integrity": "sha512-E/lQRXhtHwGuiQjI7qxkLp8AHbMD5r2217XNe/SREbBlSawe0lOqsFb7rflZJmlQFSULNLIqlcjjsCPlB3m3Mg==",
      "dev": true
    },
    "messageformat-parser": {
      "version": "4.1.3",
      "resolved": "https://registry.npmmirror.com/messageformat-parser/-/messageformat-parser-4.1.3.tgz",
      "integrity": "sha512-2fU3XDCanRqeOCkn7R5zW5VQHWf+T3hH65SzuqRvjatBK7r4uyFa5mEX+k6F9Bd04LVM5G4/BHBTUJsOdW7uyg==",
      "dev": true
    },
    "minimist": {
      "version": "1.2.6",
      "resolved": "https://registry.npmmirror.com/minimist/-/minimist-1.2.6.tgz",
      "integrity": "sha512-Jsjnk4bw3YJqYzbdyBiNsPWHPfO++UGG749Cxs6peCu5Xg4nrena6OVxOYxrQTqww0Jmwt+Ref8rggumkTLz9Q==",
      "dev": true,
      "optional": true
    },
    "ms": {
      "version": "2.1.2",
      "resolved": "https://registry.npmmirror.com/ms/-/ms-2.1.2.tgz",
      "integrity": "sha512-sGkPx+VjMtmA6MX27oA4FBFELFCZZ4S4XqeGOXCv68tT+jb3vk/RyaKWP0PTKyWtmLSM0b+adUTEvbs1PEaH2w==",
      "dev": true
    },
    "mustache": {
      "version": "4.2.0",
      "resolved": "https://registry.npmmirror.com/mustache/-/mustache-4.2.0.tgz",
      "integrity": "sha512-71ippSywq5Yb7/tVYyGbkBggbU8H3u5Rz56fH60jGFgr8uHwxs+aSKeqmluIVzM0m0kB7xQjKS6qPfd0b2ZoqQ==",
      "dev": true
    },
    "os-locale-s-fix": {
      "version": "1.0.8-fix-1",
      "resolved": "https://registry.npmmirror.com/os-locale-s-fix/-/os-locale-s-fix-1.0.8-fix-1.tgz",
      "integrity": "sha512-Sv0OvhPiMutICiwORAUefv02DCPb62IelBmo8ZsSrRHyI3FStqIWZvjqDkvtjU+lcujo7UNir+dCwKSqlEQ/5w==",
      "dev": true,
      "requires": {
        "lcid": "^3.0.0"
      }
    },
    "sprintf-js": {
      "version": "1.1.2",
      "resolved": "https://registry.npmmirror.com/sprintf-js/-/sprintf-js-1.1.2.tgz",
      "integrity": "sha512-VE0SOVEHCk7Qc8ulkWw3ntAzXuqf7S2lvwQaDLRnUeIEaKNQJzV6BwmLKhOqT61aGhfUMrXeaBk+oDGCzvhcug==",
      "dev": true
    }
  }
}
