{
  "requires": true,
  "lockfileVersion": 1,
  "dependencies": {
    "@dcloudio/uni-i18n": {
      "version": "2.0.1-34720220422002",
      "resolved": "https://registry.npmmirror.com/@dcloudio/uni-i18n/-/uni-i18n-2.0.1-34720220422002.tgz",
      "integrity": "sha512-MR8nxv6crH2TdQe/LEKhS8E4k9Q51fsMc5NManszBzau9EKwVBvpx75MFtoQI2Z3X0ir7qPq4sTgDb2k0f3fkg=="
    },
    "moment": {
      "version": "2.29.3",
      "resolved": "https://registry.npmmirror.com/moment/-/moment-2.29.3.tgz",
      "integrity": "sha512-c6YRvhEo//6T2Jz/vVtYzqBzwvPT95JBQ+smCytzf7c50oMZRsR/a4w88aD34I+/QVSfnoAnSBFPJHItlOMJVw=="
    }
  }
}
